
Microsoft Visual Studio Solution File, Format Version 12.00
# Visual Studio Version 17
VisualStudioVersion = 17.3.32929.385
MinimumVisualStudioVersion = 10.0.40219.1
Project("{FAE04EC0-301F-11D3-BF4B-00C04F79EFBC}") = "Serijalizacija", "Serijalizacija.csproj", "{348D5AA0-4DC3-4025-B833-33D1CF0E1A41}"
EndProject
Global
	GlobalSection(SolutionConfigurationPlatforms) = preSolution
		Debug|Any CPU = Debug|Any CPU
		Release|Any CPU = Release|Any CPU
	EndGlobalSection
	GlobalSection(ProjectConfigurationPlatforms) = postSolution
		{348D5AA0-4DC3-4025-B833-33D1CF0E1A41}.Debug|Any CPU.ActiveCfg = Debug|Any CPU
		{348D5AA0-4DC3-4025-B833-33D1CF0E1A41}.Debug|Any CPU.Build.0 = Debug|Any CPU
		{348D5AA0-4DC3-4025-B833-33D1CF0E1A41}.Release|Any CPU.ActiveCfg = Release|Any CPU
		{348D5AA0-4DC3-4025-B833-33D1CF0E1A41}.Release|Any CPU.Build.0 = Release|Any CPU
	EndGlobalSection
	GlobalSection(SolutionProperties) = preSolution
		HideSolutionNode = FALSE
	EndGlobalSection
	GlobalSection(ExtensibilityGlobals) = postSolution
		SolutionGuid = {77F13401-E274-440C-8763-6ACC9D17787E}
	EndGlobalSection
EndGlobal
